
Microsoft Visual Studio Solution File, Format Version 12.00
# Visual Studio Version 17
VisualStudioVersion = 17.0.32112.339
MinimumVisualStudioVersion = 10.0.40219.1
Project("{FAE04EC0-301F-11D3-BF4B-00C04F79EFBC}") = "NovaDataBase", "NovaDataBase\NovaDataBase.csproj", "{90285FC5-6CA5-4EF9-B2B0-CA775BFD6257}"
EndProject
Global
	GlobalSection(SolutionConfigurationPlatforms) = preSolution
		Debug|Any CPU = Debug|Any CPU
		Release|Any CPU = Release|Any CPU
	EndGlobalSection
	GlobalSection(ProjectConfigurationPlatforms) = postSolution
		{90285FC5-6CA5-4EF9-B2B0-CA775BFD6257}.Debug|Any CPU.ActiveCfg = Debug|Any CPU
		{90285FC5-6CA5-4EF9-B2B0-CA775BFD6257}.Debug|Any CPU.Build.0 = Debug|Any CPU
		{90285FC5-6CA5-4EF9-B2B0-CA775BFD6257}.Release|Any CPU.ActiveCfg = Release|Any CPU
		{90285FC5-6CA5-4EF9-B2B0-CA775BFD6257}.Release|Any CPU.Build.0 = Release|Any CPU
	EndGlobalSection
	GlobalSection(SolutionProperties) = preSolution
		HideSolutionNode = FALSE
	EndGlobalSection
	GlobalSection(ExtensibilityGlobals) = postSolution
		SolutionGuid = {04D01E80-22D7-48A1-87F0-F5FC8DF6DE33}
	EndGlobalSection
EndGlobal
